// !$*UTF8*$!
{
	archiveVersion = 1;
	classes = {
	};
	objectVersion = 46;
	objects = {

/* Begin PBXBuildFile section */
		5AF0EC48211A01ED3CE6AD8C /* RoundedButton.m in Sources */ = {isa = PBXBuildFile; fileRef = 5AF0EF287B54ED5318146FB7 /* RoundedButton.m */; };
		7997A14E3251487FD384D744 /* CGRectHelper.m in Sources */ = {isa = PBXBuildFile; fileRef = 7997A760457C63996C099524 /* CGRectHelper.m */; };
		7997A1C6E4B21EC4923696D4 /* UIImage+Helper.m in Sources */ = {isa = PBXBuildFile; fileRef = 7997AEDE184FA568D3DBEDB6 /* UIImage+Helper.m */; };
		7997A1F8292D37812C07E902 /* UIColor+Helper.m in Sources */ = {isa = PBXBuildFile; fileRef = 7997A5B0FD1EE17736527D83 /* UIColor+Helper.m */; };
		7997A2D1053EDF6FA28D0094 /* Info.plist in Resources */ = {isa = PBXBuildFile; fileRef = 7997A06FBE5714E496A70A92 /* Info.plist */; };
		7997A42BCF0DB81B3B2077C0 /* main.m in Sources */ = {isa = PBXBuildFile; fileRef = 7997A7C64542762FB2C016F9 /* main.m */; };
		7997A4492340931E0E635B0A /* LaunchScreen.storyboard in Resources */ = {isa = PBXBuildFile; fileRef = 7997AD07381C4DD302DC836C /* LaunchScreen.storyboard */; };
		7997A5426ABD4371638E9FE7 /* Assets.xcassets in Resources */ = {isa = PBXBuildFile; fileRef = 7997A6F6F63FF47BE684540B /* Assets.xcassets */; };
		7997A5C95980F56562C78D5F /* UICollectionView+Helper.m in Sources */ = {isa = PBXBuildFile; fileRef = 7997AF34E34AA457550E1AA1 /* UICollectionView+Helper.m */; };
		7997A6CF07565A4AEE54481F /* NSDate+Helper.m in Sources */ = {isa = PBXBuildFile; fileRef = 7997A780090855EC9EFEBC88 /* NSDate+Helper.m */; };
		7997A7AAD9281A374288D65A /* HeaderCell.m in Sources */ = {isa = PBXBuildFile; fileRef = 7997A614FF4E88C065E43347 /* HeaderCell.m */; };
		7997A836D37E31AD81166AC9 /* CollectionViewTestAppCodeUITests.m in Sources */ = {isa = PBXBuildFile; fileRef = 7997A4C4A6CA3D0AF3A2D005 /* CollectionViewTestAppCodeUITests.m */; };
		7997A9CF6BD082C8106FA248 /* NSDateComponents+Helper.m in Sources */ = {isa = PBXBuildFile; fileRef = 7997AB6E060108331745E8CF /* NSDateComponents+Helper.m */; };
		7997A9DA2C2F460825782CF8 /* Info.plist in Resources */ = {isa = PBXBuildFile; fileRef = 7997A6615308253D6BFFFF53 /* Info.plist */; };
		7997AA8AE539740500401216 /* CollectionViewFlowLayout.m in Sources */ = {isa = PBXBuildFile; fileRef = 7997A7D771666A69BE35E57F /* CollectionViewFlowLayout.m */; };
		7997AB5D04643D5CD81797E1 /* AppDelegate.m in Sources */ = {isa = PBXBuildFile; fileRef = 7997A4E56900B867145C6404 /* AppDelegate.m */; };
		7997ABA38D1B38E7CC855440 /* DayCell.m in Sources */ = {isa = PBXBuildFile; fileRef = 7997A0974168956893D395CB /* DayCell.m */; };
		7997ABFA59B018F75C10FBEE /* ViewController.m in Sources */ = {isa = PBXBuildFile; fileRef = 7997A41CE113F49D4316D46E /* ViewController.m */; };
		7997ACB17BB5A7EA26D0731E /* Info.plist in Resources */ = {isa = PBXBuildFile; fileRef = 7997ABCA708B756DE26B24B4 /* Info.plist */; };
		7997ACF3B4EAAD1ECD94E501 /* OptionsHelper.m in Sources */ = {isa = PBXBuildFile; fileRef = 7997A97E37DF8BEE97E133BD /* OptionsHelper.m */; };
		7997AFD34AC51985E86FB13C /* CollectionViewTestAppCodeTests.m in Sources */ = {isa = PBXBuildFile; fileRef = 7997A905988BC14DCD82ABDA /* CollectionViewTestAppCodeTests.m */; };
		C1AC1954936C1956CE63470E /* libPods.a in Frameworks */ = {isa = PBXBuildFile; fileRef = 21953506C315FD0E2A50B724 /* libPods.a */; };
/* End PBXBuildFile section */

/* Begin PBXContainerItemProxy section */
		7997A0813FEC584F6DE71C37 /* PBXContainerItemProxy */ = {
			isa = PBXContainerItemProxy;
			containerPortal = 7997A02F931C778B9903B7C2 /* Project object */;
			proxyType = 1;
			remoteGlobalIDString = 7997A19A4A6CFA54D0A1EFEA;
			remoteInfo = CollectionViewTestAppCode;
		};
		7997AFE0F0875322C2A2C342 /* PBXContainerItemProxy */ = {
			isa = PBXContainerItemProxy;
			containerPortal = 7997A02F931C778B9903B7C2 /* Project object */;
			proxyType = 1;
			remoteGlobalIDString = 7997A19A4A6CFA54D0A1EFEA;
			remoteInfo = CollectionViewTestAppCode;
		};
/* End PBXContainerItemProxy section */

/* Begin PBXFileReference section */
		21953506C315FD0E2A50B724 /* libPods.a */ = {isa = PBXFileReference; explicitFileType = archive.ar; includeInIndex = 0; path = libPods.a; sourceTree = BUILT_PRODUCTS_DIR; };
		5AF0E8D54A20933C1772EB88 /* RoundedButton.h */ = {isa = PBXFileReference; fileEncoding = 4; lastKnownFileType = sourcecode.c.h; path = RoundedButton.h; sourceTree = "<group>"; };
		5AF0EF287B54ED5318146FB7 /* RoundedButton.m */ = {isa = PBXFileReference; fileEncoding = 4; lastKnownFileType = sourcecode.c.objc; path = RoundedButton.m; sourceTree = "<group>"; };
		7997A028AD804E9F0D7978C5 /* Base */ = {isa = PBXFileReference; lastKnownFileType = file.storyboard; name = Base; path = Base.lproj/LaunchScreen.storyboard; sourceTree = "<group>"; };
		7997A06FBE5714E496A70A92 /* Info.plist */ = {isa = PBXFileReference; lastKnownFileType = text.plist.info; path = Info.plist; sourceTree = "<group>"; };
		7997A0974168956893D395CB /* DayCell.m */ = {isa = PBXFileReference; fileEncoding = 4; lastKnownFileType = sourcecode.c.objc; path = DayCell.m; sourceTree = "<group>"; };
		7997A1A82759E8BEE021D0E6 /* CollectionViewTestAppCodeTests.xctest */ = {isa = PBXFileReference; explicitFileType = wrapper.cfbundle; includeInIndex = 0; path = CollectionViewTestAppCodeTests.xctest; sourceTree = BUILT_PRODUCTS_DIR; };
		7997A297B916FF904A5DE5A7 /* ViewController.h */ = {isa = PBXFileReference; fileEncoding = 4; lastKnownFileType = sourcecode.c.h; path = ViewController.h; sourceTree = "<group>"; };
		7997A2B50C74FFFD6E37CCC0 /* CollectionViewTestAppCode.app */ = {isa = PBXFileReference; explicitFileType = wrapper.application; includeInIndex = 0; path = CollectionViewTestAppCode.app; sourceTree = BUILT_PRODUCTS_DIR; };
		7997A41CE113F49D4316D46E /* ViewController.m */ = {isa = PBXFileReference; fileEncoding = 4; lastKnownFileType = sourcecode.c.objc; path = ViewController.m; sourceTree = "<group>"; };
		7997A4C4A6CA3D0AF3A2D005 /* CollectionViewTestAppCodeUITests.m */ = {isa = PBXFileReference; lastKnownFileType = sourcecode.c.objc; path = CollectionViewTestAppCodeUITests.m; sourceTree = "<group>"; };
		7997A4E56900B867145C6404 /* AppDelegate.m */ = {isa = PBXFileReference; lastKnownFileType = sourcecode.c.objc; path = AppDelegate.m; sourceTree = "<group>"; };
		7997A52DE564642C13DA4AD7 /* DayCell.h */ = {isa = PBXFileReference; fileEncoding = 4; lastKnownFileType = sourcecode.c.h; path = DayCell.h; sourceTree = "<group>"; };
		7997A5B0FD1EE17736527D83 /* UIColor+Helper.m */ = {isa = PBXFileReference; fileEncoding = 4; lastKnownFileType = sourcecode.c.objc; path = "UIColor+Helper.m"; sourceTree = "<group>"; };
		7997A614FF4E88C065E43347 /* HeaderCell.m */ = {isa = PBXFileReference; fileEncoding = 4; lastKnownFileType = sourcecode.c.objc; path = HeaderCell.m; sourceTree = "<group>"; };
		7997A630C1C0B8B8A8B44856 /* UIImage+Helper.h */ = {isa = PBXFileReference; fileEncoding = 4; lastKnownFileType = sourcecode.c.h; path = "UIImage+Helper.h"; sourceTree = "<group>"; };
		7997A6615308253D6BFFFF53 /* Info.plist */ = {isa = PBXFileReference; lastKnownFileType = text.plist.info; path = Info.plist; sourceTree = "<group>"; };
		7997A6F6F63FF47BE684540B /* Assets.xcassets */ = {isa = PBXFileReference; lastKnownFileType = folder.assetcatalog; path = Assets.xcassets; sourceTree = "<group>"; };
		7997A760457C63996C099524 /* CGRectHelper.m */ = {isa = PBXFileReference; fileEncoding = 4; lastKnownFileType = sourcecode.c.objc; path = CGRectHelper.m; sourceTree = "<group>"; };
		7997A780090855EC9EFEBC88 /* NSDate+Helper.m */ = {isa = PBXFileReference; fileEncoding = 4; lastKnownFileType = sourcecode.c.objc; path = "NSDate+Helper.m"; sourceTree = "<group>"; };
		7997A7B94A71BA624277CDB2 /* OptionsHelper.h */ = {isa = PBXFileReference; fileEncoding = 4; lastKnownFileType = sourcecode.c.h; path = OptionsHelper.h; sourceTree = "<group>"; };
		7997A7C64542762FB2C016F9 /* main.m */ = {isa = PBXFileReference; lastKnownFileType = sourcecode.c.objc; path = main.m; sourceTree = "<group>"; };
		7997A7D771666A69BE35E57F /* CollectionViewFlowLayout.m */ = {isa = PBXFileReference; fileEncoding = 4; lastKnownFileType = sourcecode.c.objc; path = CollectionViewFlowLayout.m; sourceTree = "<group>"; };
		7997A85DFE6C70D421F825D2 /* HeaderCell.h */ = {isa = PBXFileReference; fileEncoding = 4; lastKnownFileType = sourcecode.c.h; path = HeaderCell.h; sourceTree = "<group>"; };
		7997A905988BC14DCD82ABDA /* CollectionViewTestAppCodeTests.m */ = {isa = PBXFileReference; lastKnownFileType = sourcecode.c.objc; path = CollectionViewTestAppCodeTests.m; sourceTree = "<group>"; };
		7997A97E37DF8BEE97E133BD /* OptionsHelper.m */ = {isa = PBXFileReference; fileEncoding = 4; lastKnownFileType = sourcecode.c.objc; path = OptionsHelper.m; sourceTree = "<group>"; };
		7997AB55B0A04611EB28A512 /* AppDelegate.h */ = {isa = PBXFileReference; lastKnownFileType = sourcecode.c.h; path = AppDelegate.h; sourceTree = "<group>"; };
		7997AB667CCD83F83346C1C4 /* UIColor+Helper.h */ = {isa = PBXFileReference; fileEncoding = 4; lastKnownFileType = sourcecode.c.h; path = "UIColor+Helper.h"; sourceTree = "<group>"; };
		7997AB6E060108331745E8CF /* NSDateComponents+Helper.m */ = {isa = PBXFileReference; fileEncoding = 4; lastKnownFileType = sourcecode.c.objc; path = "NSDateComponents+Helper.m"; sourceTree = "<group>"; };
		7997AB90D2D782BCA128CF4F /* NSDateComponents+Helper.h */ = {isa = PBXFileReference; fileEncoding = 4; lastKnownFileType = sourcecode.c.h; path = "NSDateComponents+Helper.h"; sourceTree = "<group>"; };
		7997ABA06C02B8451C83F124 /* CollectionViewFlowLayout.h */ = {isa = PBXFileReference; fileEncoding = 4; lastKnownFileType = sourcecode.c.h; path = CollectionViewFlowLayout.h; sourceTree = "<group>"; };
		7997ABCA708B756DE26B24B4 /* Info.plist */ = {isa = PBXFileReference; lastKnownFileType = text.plist.info; path = Info.plist; sourceTree = "<group>"; };
		7997ACE36EB8A2AB07DF4918 /* CGRectHelper.h */ = {isa = PBXFileReference; fileEncoding = 4; lastKnownFileType = sourcecode.c.h; path = CGRectHelper.h; sourceTree = "<group>"; };
		7997AE2C563B4AE2C53704BD /* NSDate+Helper.h */ = {isa = PBXFileReference; fileEncoding = 4; lastKnownFileType = sourcecode.c.h; path = "NSDate+Helper.h"; sourceTree = "<group>"; };
		7997AEDE184FA568D3DBEDB6 /* UIImage+Helper.m */ = {isa = PBXFileReference; fileEncoding = 4; lastKnownFileType = sourcecode.c.objc; path = "UIImage+Helper.m"; sourceTree = "<group>"; };
		7997AF34E34AA457550E1AA1 /* UICollectionView+Helper.m */ = {isa = PBXFileReference; fileEncoding = 4; lastKnownFileType = sourcecode.c.objc; path = "UICollectionView+Helper.m"; sourceTree = "<group>"; };
		7997AF4272D8ACF038AE80B8 /* UICollectionView+Helper.h */ = {isa = PBXFileReference; fileEncoding = 4; lastKnownFileType = sourcecode.c.h; path = "UICollectionView+Helper.h"; sourceTree = "<group>"; };
		7997AFF47F46B1870D4F0F00 /* CollectionViewTestAppCodeUITests.xctest */ = {isa = PBXFileReference; explicitFileType = wrapper.cfbundle; includeInIndex = 0; path = CollectionViewTestAppCodeUITests.xctest; sourceTree = BUILT_PRODUCTS_DIR; };
		C33245501AC0273B8C9602EF /* Pods.debug.xcconfig */ = {isa = PBXFileReference; includeInIndex = 1; lastKnownFileType = text.xcconfig; name = Pods.debug.xcconfig; path = "Pods/Target Support Files/Pods/Pods.debug.xcconfig"; sourceTree = "<group>"; };
		EC435C84BADEBA6CFA70A079 /* Pods.release.xcconfig */ = {isa = PBXFileReference; includeInIndex = 1; lastKnownFileType = text.xcconfig; name = Pods.release.xcconfig; path = "Pods/Target Support Files/Pods/Pods.release.xcconfig"; sourceTree = "<group>"; };
/* End PBXFileReference section */

/* Begin PBXFrameworksBuildPhase section */
		7997A732E58206E47A6036B5 /* Frameworks */ = {
			isa = PBXFrameworksBuildPhase;
			buildActionMask = 2147483647;
			files = (
				C1AC1954936C1956CE63470E /* libPods.a in Frameworks */,
			);
			runOnlyForDeploymentPostprocessing = 0;
		};
		7997A8D1D0EF836025E9A4E0 /* Frameworks */ = {
			isa = PBXFrameworksBuildPhase;
			buildActionMask = 2147483647;
			files = (
			);
			runOnlyForDeploymentPostprocessing = 0;
		};
		7997AD69B1CC29417D772A14 /* Frameworks */ = {
			isa = PBXFrameworksBuildPhase;
			buildActionMask = 2147483647;
			files = (
			);
			runOnlyForDeploymentPostprocessing = 0;
		};
/* End PBXFrameworksBuildPhase section */

/* Begin PBXGroup section */
		7997A0CEDA2F1BB223249DA4 = {
			isa = PBXGroup;
			children = (
				7997A6CE32546C112AD4A042 /* Products */,
				7997A5FA71310CC8271FE6CE /* CollectionViewTestAppCode */,
				7997AA1FF98686ED33C7437B /* CollectionViewTestAppCodeTests */,
				7997A77664323925C3404105 /* CollectionViewTestAppCodeUITests */,
				D59FA5D964B07CD22B2E5BCE /* Pods */,
				D7DC8283706CE2CF8621DB34 /* Frameworks */,
			);
			sourceTree = "<group>";
		};
		7997A5FA71310CC8271FE6CE /* CollectionViewTestAppCode */ = {
			isa = PBXGroup;
			children = (
				7997A6615308253D6BFFFF53 /* Info.plist */,
				7997A6F6F63FF47BE684540B /* Assets.xcassets */,
				7997AD07381C4DD302DC836C /* LaunchScreen.storyboard */,
				7997A97CB3F2012D2D31B0B6 /* Supporting Files */,
				7997AB55B0A04611EB28A512 /* AppDelegate.h */,
				7997A4E56900B867145C6404 /* AppDelegate.m */,
				7997A41CE113F49D4316D46E /* ViewController.m */,
				7997A297B916FF904A5DE5A7 /* ViewController.h */,
				7997A5B0FD1EE17736527D83 /* UIColor+Helper.m */,
				7997AB667CCD83F83346C1C4 /* UIColor+Helper.h */,
				7997A614FF4E88C065E43347 /* HeaderCell.m */,
				7997A85DFE6C70D421F825D2 /* HeaderCell.h */,
				7997A0974168956893D395CB /* DayCell.m */,
				7997A52DE564642C13DA4AD7 /* DayCell.h */,
				7997A780090855EC9EFEBC88 /* NSDate+Helper.m */,
				7997AE2C563B4AE2C53704BD /* NSDate+Helper.h */,
				7997AB6E060108331745E8CF /* NSDateComponents+Helper.m */,
				7997AB90D2D782BCA128CF4F /* NSDateComponents+Helper.h */,
				7997AEDE184FA568D3DBEDB6 /* UIImage+Helper.m */,
				7997A630C1C0B8B8A8B44856 /* UIImage+Helper.h */,
				7997A7D771666A69BE35E57F /* CollectionViewFlowLayout.m */,
				7997ABA06C02B8451C83F124 /* CollectionViewFlowLayout.h */,
				7997AF34E34AA457550E1AA1 /* UICollectionView+Helper.m */,
				7997AF4272D8ACF038AE80B8 /* UICollectionView+Helper.h */,
				7997A760457C63996C099524 /* CGRectHelper.m */,
				7997ACE36EB8A2AB07DF4918 /* CGRectHelper.h */,
				7997A97E37DF8BEE97E133BD /* OptionsHelper.m */,
				7997A7B94A71BA624277CDB2 /* OptionsHelper.h */,
				5AF0EF287B54ED5318146FB7 /* RoundedButton.m */,
				5AF0E8D54A20933C1772EB88 /* RoundedButton.h */,
			);
			path = CollectionViewTestAppCode;
			sourceTree = "<group>";
		};
		7997A6CE32546C112AD4A042 /* Products */ = {
			isa = PBXGroup;
			children = (
				7997A2B50C74FFFD6E37CCC0 /* CollectionViewTestAppCode.app */,
				7997A1A82759E8BEE021D0E6 /* CollectionViewTestAppCodeTests.xctest */,
				7997AFF47F46B1870D4F0F00 /* CollectionViewTestAppCodeUITests.xctest */,
			);
			name = Products;
			sourceTree = "<group>";
		};
		7997A77664323925C3404105 /* CollectionViewTestAppCodeUITests */ = {
			isa = PBXGroup;
			children = (
				7997A06FBE5714E496A70A92 /* Info.plist */,
				7997A4C4A6CA3D0AF3A2D005 /* CollectionViewTestAppCodeUITests.m */,
			);
			path = CollectionViewTestAppCodeUITests;
			sourceTree = "<group>";
		};
		7997A97CB3F2012D2D31B0B6 /* Supporting Files */ = {
			isa = PBXGroup;
			children = (
				7997A7C64542762FB2C016F9 /* main.m */,
			);
			name = "Supporting Files";
			sourceTree = "<group>";
		};
		7997AA1FF98686ED33C7437B /* CollectionViewTestAppCodeTests */ = {
			isa = PBXGroup;
			children = (
				7997ABCA708B756DE26B24B4 /* Info.plist */,
				7997A905988BC14DCD82ABDA /* CollectionViewTestAppCodeTests.m */,
			);
			path = CollectionViewTestAppCodeTests;
			sourceTree = "<group>";
		};
		D59FA5D964B07CD22B2E5BCE /* Pods */ = {
			isa = PBXGroup;
			children = (
				C33245501AC0273B8C9602EF /* Pods.debug.xcconfig */,
				EC435C84BADEBA6CFA70A079 /* Pods.release.xcconfig */,
			);
			name = Pods;
			sourceTree = "<group>";
		};
		D7DC8283706CE2CF8621DB34 /* Frameworks */ = {
			isa = PBXGroup;
			children = (
				21953506C315FD0E2A50B724 /* libPods.a */,
			);
			name = Frameworks;
			sourceTree = "<group>";
		};
/* End PBXGroup section */

/* Begin PBXNativeTarget section */
		7997A19A4A6CFA54D0A1EFEA /* CollectionViewTestAppCode */ = {
			isa = PBXNativeTarget;
			buildConfigurationList = 7997A3FD998E8E10F1A1F440 /* Build configuration list for PBXNativeTarget "CollectionViewTestAppCode" */;
			buildPhases = (
				337F3A1C34A2C296997329FD /* Check Pods Manifest.lock */,
				7997AC5980DF471743DDA7F1 /* Sources */,
				7997A732E58206E47A6036B5 /* Frameworks */,
				7997A8CF53B49F422267FCDB /* Resources */,
				7408F958C4A17ECA33213F7D /* Embed Pods Frameworks */,
				30A62C9A2882A79DD9E59D08 /* Copy Pods Resources */,
			);
			buildRules = (
			);
			dependencies = (
			);
			name = CollectionViewTestAppCode;
			productName = CollectionViewTestAppCode;
			productReference = 7997A2B50C74FFFD6E37CCC0 /* CollectionViewTestAppCode.app */;
			productType = "com.apple.product-type.application";
		};
		7997A33E219DD32F1DA2010C /* CollectionViewTestAppCodeUITests */ = {
			isa = PBXNativeTarget;
			buildConfigurationList = 7997A32B642562F6F1DF9F74 /* Build configuration list for PBXNativeTarget "CollectionViewTestAppCodeUITests" */;
			buildPhases = (
				7997A64C67AB702B89A4951B /* Sources */,
				7997AD69B1CC29417D772A14 /* Frameworks */,
				7997A2643FE6A6C825E1B060 /* Resources */,
			);
			buildRules = (
			);
			dependencies = (
				7997A0F89EE64DCBACD0BF5A /* PBXTargetDependency */,
			);
			name = CollectionViewTestAppCodeUITests;
			productName = CollectionViewTestAppCodeUITests;
			productReference = 7997AFF47F46B1870D4F0F00 /* CollectionViewTestAppCodeUITests.xctest */;
			productType = "com.apple.product-type.bundle.ui-testing";
		};
		7997AB40037C6647E84A8FFF /* CollectionViewTestAppCodeTests */ = {
			isa = PBXNativeTarget;
			buildConfigurationList = 7997A4F1F63DD58A0CAD098B /* Build configuration list for PBXNativeTarget "CollectionViewTestAppCodeTests" */;
			buildPhases = (
				7997A5AA3E1D84C838F00608 /* Sources */,
				7997A8D1D0EF836025E9A4E0 /* Frameworks */,
				7997A11BA5FCD35E6866EEFC /* Resources */,
			);
			buildRules = (
			);
			dependencies = (
				7997AE006D098EC205F07D8A /* PBXTargetDependency */,
			);
			name = CollectionViewTestAppCodeTests;
			productName = CollectionViewTestAppCodeTests;
			productReference = 7997A1A82759E8BEE021D0E6 /* CollectionViewTestAppCodeTests.xctest */;
			productType = "com.apple.product-type.bundle.unit-test";
		};
/* End PBXNativeTarget section */

/* Begin PBXProject section */
		7997A02F931C778B9903B7C2 /* Project object */ = {
			isa = PBXProject;
			attributes = {
				ORGANIZATIONNAME = "David Clark";
			};
			buildConfigurationList = 7997A45CFF315B7E48BAA256 /* Build configuration list for PBXProject "CollectionViewTestAppCode" */;
			compatibilityVersion = "Xcode 3.2";
			developmentRegion = English;
			hasScannedForEncodings = 0;
			knownRegions = (
				en,
			);
			mainGroup = 7997A0CEDA2F1BB223249DA4;
			productRefGroup = 7997A6CE32546C112AD4A042 /* Products */;
			projectDirPath = "";
			projectRoot = "";
			targets = (
				7997A19A4A6CFA54D0A1EFEA /* CollectionViewTestAppCode */,
				7997AB40037C6647E84A8FFF /* CollectionViewTestAppCodeTests */,
				7997A33E219DD32F1DA2010C /* CollectionViewTestAppCodeUITests */,
			);
		};
/* End PBXProject section */

/* Begin PBXResourcesBuildPhase section */
		7997A11BA5FCD35E6866EEFC /* Resources */ = {
			isa = PBXResourcesBuildPhase;
			buildActionMask = 2147483647;
			files = (
				7997ACB17BB5A7EA26D0731E /* Info.plist in Resources */,
			);
			runOnlyForDeploymentPostprocessing = 0;
		};
		7997A2643FE6A6C825E1B060 /* Resources */ = {
			isa = PBXResourcesBuildPhase;
			buildActionMask = 2147483647;
			files = (
				7997A2D1053EDF6FA28D0094 /* Info.plist in Resources */,
			);
			runOnlyForDeploymentPostprocessing = 0;
		};
		7997A8CF53B49F422267FCDB /* Resources */ = {
			isa = PBXResourcesBuildPhase;
			buildActionMask = 2147483647;
			files = (
				7997A9DA2C2F460825782CF8 /* Info.plist in Resources */,
				7997A5426ABD4371638E9FE7 /* Assets.xcassets in Resources */,
				7997A4492340931E0E635B0A /* LaunchScreen.storyboard in Resources */,
			);
			runOnlyForDeploymentPostprocessing = 0;
		};
/* End PBXResourcesBuildPhase section */

/* Begin PBXShellScriptBuildPhase section */
		30A62C9A2882A79DD9E59D08 /* Copy Pods Resources */ = {
			isa = PBXShellScriptBuildPhase;
			buildActionMask = 2147483647;
			files = (
			);
			inputPaths = (
			);
			name = "Copy Pods Resources";
			outputPaths = (
			);
			runOnlyForDeploymentPostprocessing = 0;
			shellPath = /bin/sh;
			shellScript = "\"${SRCROOT}/Pods/Target Support Files/Pods/Pods-resources.sh\"\n";
			showEnvVarsInLog = 0;
		};
		337F3A1C34A2C296997329FD /* Check Pods Manifest.lock */ = {
			isa = PBXShellScriptBuildPhase;
			buildActionMask = 2147483647;
			files = (
			);
			inputPaths = (
			);
			name = "Check Pods Manifest.lock";
			outputPaths = (
			);
			runOnlyForDeploymentPostprocessing = 0;
			shellPath = /bin/sh;
			shellScript = "diff \"${PODS_ROOT}/../Podfile.lock\" \"${PODS_ROOT}/Manifest.lock\" > /dev/null\nif [[ $? != 0 ]] ; then\n    cat << EOM\nerror: The sandbox is not in sync with the Podfile.lock. Run 'pod install' or update your CocoaPods installation.\nEOM\n    exit 1\nfi\n";
			showEnvVarsInLog = 0;
		};
		7408F958C4A17ECA33213F7D /* Embed Pods Frameworks */ = {
			isa = PBXShellScriptBuildPhase;
			buildActionMask = 2147483647;
			files = (
			);
			inputPaths = (
			);
			name = "Embed Pods Frameworks";
			outputPaths = (
			);
			runOnlyForDeploymentPostprocessing = 0;
			shellPath = /bin/sh;
			shellScript = "\"${SRCROOT}/Pods/Target Support Files/Pods/Pods-frameworks.sh\"\n";
			showEnvVarsInLog = 0;
		};
/* End PBXShellScriptBuildPhase section */

/* Begin PBXSourcesBuildPhase section */
		7997A5AA3E1D84C838F00608 /* Sources */ = {
			isa = PBXSourcesBuildPhase;
			buildActionMask = 2147483647;
			files = (
				7997AFD34AC51985E86FB13C /* CollectionViewTestAppCodeTests.m in Sources */,
			);
			runOnlyForDeploymentPostprocessing = 0;
		};
		7997A64C67AB702B89A4951B /* Sources */ = {
			isa = PBXSourcesBuildPhase;
			buildActionMask = 2147483647;
			files = (
				7997A836D37E31AD81166AC9 /* CollectionViewTestAppCodeUITests.m in Sources */,
			);
			runOnlyForDeploymentPostprocessing = 0;
		};
		7997AC5980DF471743DDA7F1 /* Sources */ = {
			isa = PBXSourcesBuildPhase;
			buildActionMask = 2147483647;
			files = (
				7997A42BCF0DB81B3B2077C0 /* main.m in Sources */,
				7997AB5D04643D5CD81797E1 /* AppDelegate.m in Sources */,
				7997ABFA59B018F75C10FBEE /* ViewController.m in Sources */,
				7997A1F8292D37812C07E902 /* UIColor+Helper.m in Sources */,
				7997A7AAD9281A374288D65A /* HeaderCell.m in Sources */,
				7997ABA38D1B38E7CC855440 /* DayCell.m in Sources */,
				7997A6CF07565A4AEE54481F /* NSDate+Helper.m in Sources */,
				7997A9CF6BD082C8106FA248 /* NSDateComponents+Helper.m in Sources */,
				7997A1C6E4B21EC4923696D4 /* UIImage+Helper.m in Sources */,
				7997AA8AE539740500401216 /* CollectionViewFlowLayout.m in Sources */,
				7997A5C95980F56562C78D5F /* UICollectionView+Helper.m in Sources */,
				7997A14E3251487FD384D744 /* CGRectHelper.m in Sources */,
				7997ACF3B4EAAD1ECD94E501 /* OptionsHelper.m in Sources */,
				5AF0EC48211A01ED3CE6AD8C /* RoundedButton.m in Sources */,
			);
			runOnlyForDeploymentPostprocessing = 0;
		};
/* End PBXSourcesBuildPhase section */

/* Begin PBXTargetDependency section */
		7997A0F89EE64DCBACD0BF5A /* PBXTargetDependency */ = {
			isa = PBXTargetDependency;
			target = 7997A19A4A6CFA54D0A1EFEA /* CollectionViewTestAppCode */;
			targetProxy = 7997AFE0F0875322C2A2C342 /* PBXContainerItemProxy */;
		};
		7997AE006D098EC205F07D8A /* PBXTargetDependency */ = {
			isa = PBXTargetDependency;
			target = 7997A19A4A6CFA54D0A1EFEA /* CollectionViewTestAppCode */;
			targetProxy = 7997A0813FEC584F6DE71C37 /* PBXContainerItemProxy */;
		};
/* End PBXTargetDependency section */

/* Begin PBXVariantGroup section */
		7997AD07381C4DD302DC836C /* LaunchScreen.storyboard */ = {
			isa = PBXVariantGroup;
			children = (
				7997A028AD804E9F0D7978C5 /* Base */,
			);
			name = LaunchScreen.storyboard;
			sourceTree = "<group>";
		};
/* End PBXVariantGroup section */

/* Begin XCBuildConfiguration section */
		7997A13EFD8863DBAF5C6AB3 /* Release */ = {
			isa = XCBuildConfiguration;
			buildSettings = {
				BUNDLE_LOADER = "$(BUILT_PRODUCTS_DIR)/CollectionViewTestAppCode.app/CollectionViewTestAppCode";
				INFOPLIST_FILE = CollectionViewTestAppCodeUITests/Info.plist;
				LD_RUNPATH_SEARCH_PATHS = "$(inherited) @executable_path/Frameworks @loader_path/Frameworks";
				PRODUCT_BUNDLE_IDENTIFIER = com.dkc.CollectionViewTestAppCodeUITests;
				PRODUCT_NAME = "$(TARGET_NAME)";
				TEST_HOST = "$(BUNDLE_LOADER)";
			};
			name = Release;
		};
		7997A50B32D74B34F8FAB0F6 /* Release */ = {
			isa = XCBuildConfiguration;
			buildSettings = {
				ALWAYS_SEARCH_USER_PATHS = NO;
				CLANG_CXX_LANGUAGE_STANDARD = "gnu++0x";
				CLANG_CXX_LIBRARY = "libc++";
				CLANG_ENABLE_MODULES = YES;
				CLANG_ENABLE_OBJC_ARC = YES;
				CLANG_WARN_BOOL_CONVERSION = YES;
				CLANG_WARN_CONSTANT_CONVERSION = YES;
				CLANG_WARN_DIRECT_OBJC_ISA_USAGE = YES_ERROR;
				CLANG_WARN_EMPTY_BODY = YES;
				CLANG_WARN_ENUM_CONVERSION = YES;
				CLANG_WARN_INT_CONVERSION = YES;
				CLANG_WARN_OBJC_ROOT_CLASS = YES_ERROR;
				CLANG_WARN_UNREACHABLE_CODE = YES;
				CLANG_WARN__DUPLICATE_METHOD_MATCH = YES;
				"CODE_SIGN_IDENTITY[sdk=iphoneos*]" = "iPhone Developer";
				COPY_PHASE_STRIP = NO;
				DEBUG_INFORMATION_FORMAT = "dwarf-with-dsym";
				ENABLE_NS_ASSERTIONS = NO;
				ENABLE_STRICT_OBJC_MSGSEND = YES;
				GCC_C_LANGUAGE_STANDARD = gnu99;
				GCC_NO_COMMON_BLOCKS = YES;
				GCC_WARN_64_TO_32_BIT_CONVERSION = YES;
				GCC_WARN_ABOUT_RETURN_TYPE = YES_ERROR;
				GCC_WARN_UNDECLARED_SELECTOR = YES;
				GCC_WARN_UNINITIALIZED_AUTOS = YES_AGGRESSIVE;
				GCC_WARN_UNUSED_FUNCTION = YES;
				GCC_WARN_UNUSED_VARIABLE = YES;
				IPHONEOS_DEPLOYMENT_TARGET = 9.2;
				MTL_ENABLE_DEBUG_INFO = NO;
				SDKROOT = iphoneos;
				TARGETED_DEVICE_FAMILY = "1,2";
				VALIDATE_PRODUCT = YES;
			};
			name = Release;
		};
		7997A70AFC59F85B768858A0 /* Debug */ = {
			isa = XCBuildConfiguration;
			buildSettings = {
				BUNDLE_LOADER = "$(BUILT_PRODUCTS_DIR)/CollectionViewTestAppCode.app/CollectionViewTestAppCode";
				INFOPLIST_FILE = CollectionViewTestAppCodeUITests/Info.plist;
				LD_RUNPATH_SEARCH_PATHS = "$(inherited) @executable_path/Frameworks @loader_path/Frameworks";
				PRODUCT_BUNDLE_IDENTIFIER = com.dkc.CollectionViewTestAppCodeUITests;
				PRODUCT_NAME = "$(TARGET_NAME)";
				TEST_HOST = "$(BUNDLE_LOADER)";
			};
			name = Debug;
		};
		7997A8DCB76AF80BC38BD5F3 /* Debug */ = {
			isa = XCBuildConfiguration;
			buildSettings = {
				BUNDLE_LOADER = "$(BUILT_PRODUCTS_DIR)/CollectionViewTestAppCode.app/CollectionViewTestAppCode";
				INFOPLIST_FILE = CollectionViewTestAppCodeTests/Info.plist;
				LD_RUNPATH_SEARCH_PATHS = "$(inherited) @executable_path/Frameworks @loader_path/Frameworks";
				PRODUCT_BUNDLE_IDENTIFIER = com.dkc.CollectionViewTestAppCodeTests;
				PRODUCT_NAME = "$(TARGET_NAME)";
				TEST_HOST = "$(BUNDLE_LOADER)";
			};
			name = Debug;
		};
		7997A9471F82803BE7887F82 /* Debug */ = {
			isa = XCBuildConfiguration;
			baseConfigurationReference = C33245501AC0273B8C9602EF /* Pods.debug.xcconfig */;
			buildSettings = {
				ASSETCATALOG_COMPILER_APPICON_NAME = AppIcon;
				INFOPLIST_FILE = CollectionViewTestAppCode/Info.plist;
				LD_RUNPATH_SEARCH_PATHS = "$(inherited) @executable_path/Frameworks";
				PRODUCT_BUNDLE_IDENTIFIER = com.dkc.CollectionViewTestAppCode;
				PRODUCT_NAME = "$(TARGET_NAME)";
			};
			name = Debug;
		};
		7997AADEA86C4C101EAA71AA /* Release */ = {
			isa = XCBuildConfiguration;
			buildSettings = {
				BUNDLE_LOADER = "$(BUILT_PRODUCTS_DIR)/CollectionViewTestAppCode.app/CollectionViewTestAppCode";
				INFOPLIST_FILE = CollectionViewTestAppCodeTests/Info.plist;
				LD_RUNPATH_SEARCH_PATHS = "$(inherited) @executable_path/Frameworks @loader_path/Frameworks";
				PRODUCT_BUNDLE_IDENTIFIER = com.dkc.CollectionViewTestAppCodeTests;
				PRODUCT_NAME = "$(TARGET_NAME)";
				TEST_HOST = "$(BUNDLE_LOADER)";
			};
			name = Release;
		};
		7997AB6F89DD7BAD4939CF62 /* Release */ = {
			isa = XCBuildConfiguration;
			baseConfigurationReference = EC435C84BADEBA6CFA70A079 /* Pods.release.xcconfig */;
			buildSettings = {
				ASSETCATALOG_COMPILER_APPICON_NAME = AppIcon;
				INFOPLIST_FILE = CollectionViewTestAppCode/Info.plist;
				LD_RUNPATH_SEARCH_PATHS = "$(inherited) @executable_path/Frameworks";
				PRODUCT_BUNDLE_IDENTIFIER = com.dkc.CollectionViewTestAppCode;
				PRODUCT_NAME = "$(TARGET_NAME)";
			};
			name = Release;
		};
		7997ADC56428AB534153691E /* Debug */ = {
			isa = XCBuildConfiguration;
			buildSettings = {
				ALWAYS_SEARCH_USER_PATHS = NO;
				CLANG_CXX_LANGUAGE_STANDARD = "gnu++0x";
				CLANG_CXX_LIBRARY = "libc++";
				CLANG_ENABLE_MODULES = YES;
				CLANG_ENABLE_OBJC_ARC = YES;
				CLANG_WARN_BOOL_CONVERSION = YES;
				CLANG_WARN_CONSTANT_CONVERSION = YES;
				CLANG_WARN_DIRECT_OBJC_ISA_USAGE = YES_ERROR;
				CLANG_WARN_EMPTY_BODY = YES;
				CLANG_WARN_ENUM_CONVERSION = YES;
				CLANG_WARN_INT_CONVERSION = YES;
				CLANG_WARN_OBJC_ROOT_CLASS = YES_ERROR;
				CLANG_WARN_UNREACHABLE_CODE = YES;
				CLANG_WARN__DUPLICATE_METHOD_MATCH = YES;
				"CODE_SIGN_IDENTITY[sdk=iphoneos*]" = "iPhone Developer";
				COPY_PHASE_STRIP = NO;
				DEBUG_INFORMATION_FORMAT = dwarf;
				ENABLE_STRICT_OBJC_MSGSEND = YES;
				ENABLE_TESTABILITY = YES;
				GCC_C_LANGUAGE_STANDARD = gnu99;
				GCC_DYNAMIC_NO_PIC = NO;
				GCC_NO_COMMON_BLOCKS = YES;
				GCC_OPTIMIZATION_LEVEL = 0;
				GCC_PREPROCESSOR_DEFINITIONS = (
					"DEBUG=1",
					"$(inherited)",
				);
				GCC_WARN_64_TO_32_BIT_CONVERSION = YES;
				GCC_WARN_ABOUT_RETURN_TYPE = YES_ERROR;
				GCC_WARN_UNDECLARED_SELECTOR = YES;
				GCC_WARN_UNINITIALIZED_AUTOS = YES_AGGRESSIVE;
				GCC_WARN_UNUSED_FUNCTION = YES;
				GCC_WARN_UNUSED_VARIABLE = YES;
				IPHONEOS_DEPLOYMENT_TARGET = 9.2;
				MTL_ENABLE_DEBUG_INFO = YES;
				ONLY_ACTIVE_ARCH = YES;
				SDKROOT = iphoneos;
				TARGETED_DEVICE_FAMILY = "1,2";
			};
			name = Debug;
		};
/* End XCBuildConfiguration section */

/* Begin XCConfigurationList section */
		7997A32B642562F6F1DF9F74 /* Build configuration list for PBXNativeTarget "CollectionViewTestAppCodeUITests" */ = {
			isa = XCConfigurationList;
			buildConfigurations = (
				7997A70AFC59F85B768858A0 /* Debug */,
				7997A13EFD8863DBAF5C6AB3 /* Release */,
			);
			defaultConfigurationIsVisible = 0;
			defaultConfigurationName = Release;
		};
		7997A3FD998E8E10F1A1F440 /* Build configuration list for PBXNativeTarget "CollectionViewTestAppCode" */ = {
			isa = XCConfigurationList;
			buildConfigurations = (
				7997A9471F82803BE7887F82 /* Debug */,
				7997AB6F89DD7BAD4939CF62 /* Release */,
			);
			defaultConfigurationIsVisible = 0;
			defaultConfigurationName = Release;
		};
		7997A45CFF315B7E48BAA256 /* Build configuration list for PBXProject "CollectionViewTestAppCode" */ = {
			isa = XCConfigurationList;
			buildConfigurations = (
				7997ADC56428AB534153691E /* Debug */,
				7997A50B32D74B34F8FAB0F6 /* Release */,
			);
			defaultConfigurationIsVisible = 0;
			defaultConfigurationName = Release;
		};
		7997A4F1F63DD58A0CAD098B /* Build configuration list for PBXNativeTarget "CollectionViewTestAppCodeTests" */ = {
			isa = XCConfigurationList;
			buildConfigurations = (
				7997A8DCB76AF80BC38BD5F3 /* Debug */,
				7997AADEA86C4C101EAA71AA /* Release */,
			);
			defaultConfigurationIsVisible = 0;
			defaultConfigurationName = Release;
		};
/* End XCConfigurationList section */
	};
	rootObject = 7997A02F931C778B9903B7C2 /* Project object */;
}
